# This file is @generated by PDM.
# It is not intended for manual editing.

[[package]]
name = "anyio"
version = "3.6.2"
requires_python = ">=3.6.2"
summary = "High level compatibility layer for multiple asynchronous event loop implementations"
dependencies = [
    "idna>=2.8",
    "sniffio>=1.1",
]

[[package]]
name = "boto3"
version = "1.26.62"
requires_python = ">= 3.7"
summary = "The AWS SDK for Python"
dependencies = [
    "botocore<1.30.0,>=1.29.62",
    "jmespath<2.0.0,>=0.7.1",
    "s3transfer<0.7.0,>=0.6.0",
]

[[package]]
name = "botocore"
version = "1.29.62"
requires_python = ">= 3.7"
summary = "Low-level, data-driven core of boto 3."
dependencies = [
    "jmespath<2.0.0,>=0.7.1",
    "python-dateutil<3.0.0,>=2.1",
    "urllib3<1.27,>=1.25.4",
]

[[package]]
name = "click"
version = "8.1.3"
requires_python = ">=3.7"
summary = "Composable command line interface toolkit"
dependencies = [
    "colorama; platform_system == \"Windows\"",
]

[[package]]
name = "colorama"
version = "0.4.6"
requires_python = "!=3.0.*,!=3.1.*,!=3.2.*,!=3.3.*,!=3.4.*,!=3.5.*,!=3.6.*,>=2.7"
summary = "Cross-platform colored terminal text."

[[package]]
name = "fastapi"
version = "0.89.1"
requires_python = ">=3.7"
summary = "FastAPI framework, high performance, easy to learn, fast to code, ready for production"
dependencies = [
    "pydantic!=1.7,!=1.7.1,!=1.7.2,!=1.7.3,!=1.8,!=1.8.1,<2.0.0,>=1.6.2",
    "starlette==0.22.0",
]

[[package]]
name = "h11"
version = "0.14.0"
requires_python = ">=3.7"
summary = "A pure-Python, bring-your-own-I/O implementation of HTTP/1.1"

[[package]]
name = "idna"
version = "3.4"
requires_python = ">=3.5"
summary = "Internationalized Domain Names in Applications (IDNA)"

[[package]]
name = "jmespath"
version = "1.0.1"
requires_python = ">=3.7"
summary = "JSON Matching Expressions"

[[package]]
name = "pydantic"
version = "1.10.4"
requires_python = ">=3.7"
summary = "Data validation and settings management using python type hints"
dependencies = [
    "typing-extensions>=4.2.0",
]

[[package]]
name = "python-dateutil"
version = "2.8.2"
requires_python = "!=3.0.*,!=3.1.*,!=3.2.*,>=2.7"
summary = "Extensions to the standard Python datetime module"
dependencies = [
    "six>=1.5",
]

[[package]]
name = "python-dotenv"
version = "0.21.1"
requires_python = ">=3.7"
summary = "Read key-value pairs from a .env file and set them as environment variables"

[[package]]
name = "python-multipart"
version = "0.0.5"
summary = "A streaming multipart parser for Python"
dependencies = [
    "six>=1.4.0",
]

[[package]]
name = "s3transfer"
version = "0.6.0"
requires_python = ">= 3.7"
summary = "An Amazon S3 Transfer Manager"
dependencies = [
    "botocore<2.0a.0,>=1.12.36",
]

[[package]]
name = "six"
version = "1.16.0"
requires_python = ">=2.7, !=3.0.*, !=3.1.*, !=3.2.*"
summary = "Python 2 and 3 compatibility utilities"

[[package]]
name = "sniffio"
version = "1.3.0"
requires_python = ">=3.7"
summary = "Sniff out which async library your code is running under"

[[package]]
name = "starlette"
version = "0.22.0"
requires_python = ">=3.7"
summary = "The little ASGI library that shines."
dependencies = [
    "anyio<5,>=3.4.0",
]

[[package]]
name = "typing-extensions"
version = "4.4.0"
requires_python = ">=3.7"
summary = "Backported and Experimental Type Hints for Python 3.7+"

[[package]]
name = "urllib3"
version = "1.26.14"
requires_python = ">=2.7, !=3.0.*, !=3.1.*, !=3.2.*, !=3.3.*, !=3.4.*, !=3.5.*"
summary = "HTTP library with thread-safe connection pooling, file post, and more."

[[package]]
name = "uvicorn"
version = "0.20.0"
requires_python = ">=3.7"
summary = "The lightning-fast ASGI server."
dependencies = [
    "click>=7.0",
    "h11>=0.8",
]

[metadata]
lock_version = "4.1"
content_hash = "sha256:b2a7dc3242061019a4c8cd2ddbce10e9317bfc2e0656e2cf9f6164a56651e38c"

[metadata.files]
"anyio 3.6.2" = [
    {url = "https://files.pythonhosted.org/packages/77/2b/b4c0b7a3f3d61adb1a1e0b78f90a94e2b6162a043880704b7437ef297cad/anyio-3.6.2-py3-none-any.whl", hash = "sha256:fbbe32bd270d2a2ef3ed1c5d45041250284e31fc0a4df4a5a6071842051a51e3"},
    {url = "https://files.pythonhosted.org/packages/8b/94/6928d4345f2bc1beecbff03325cad43d320717f51ab74ab5a571324f4f5a/anyio-3.6.2.tar.gz", hash = "sha256:25ea0d673ae30af41a0c442f81cf3b38c7e79fdc7b60335a4c14e05eb0947421"},
]
"boto3 1.26.62" = [
    {url = "https://files.pythonhosted.org/packages/19/af/d999f8a0b93d13c1ae5fa14e77c0cd52e177f1b4dcde385edcc34397bdfe/boto3-1.26.62.tar.gz", hash = "sha256:0271e05cf962de53deb4ee5c6e37433c8284584a26f45275cf43de3f99410aa4"},
    {url = "https://files.pythonhosted.org/packages/4e/3d/b73facfe7a2a2956261c699f2f5e3329268b3d423aa9f0fc3c73d1abf616/boto3-1.26.62-py3-none-any.whl", hash = "sha256:0a0171c648da81916e6f5badebfefdbd15280118f69462eb9425f7bff4c1323f"},
]
"botocore 1.29.62" = [
    {url = "https://files.pythonhosted.org/packages/59/67/8640a56d9706a6280a1a2863de429e707497d276e5e6f7817749deae3a40/botocore-1.29.62-py3-none-any.whl", hash = "sha256:11730086c8acc33372f438dd9ae3e960e6fc1c0dfa2801768b0585c8c874977e"},
    {url = "https://files.pythonhosted.org/packages/b3/12/4809feb1033504581655cce477026aab24f0efcaffc9a9035af439d56bb8/botocore-1.29.62.tar.gz", hash = "sha256:8c7fdc6b14d9ef48ee8d1070700ab4204c121bc04ee57874e8419a9cdbe51144"},
]
"click 8.1.3" = [
    {url = "https://files.pythonhosted.org/packages/59/87/84326af34517fca8c58418d148f2403df25303e02736832403587318e9e8/click-8.1.3.tar.gz", hash = "sha256:7682dc8afb30297001674575ea00d1814d808d6a36af415a82bd481d37ba7b8e"},
    {url = "https://files.pythonhosted.org/packages/c2/f1/df59e28c642d583f7dacffb1e0965d0e00b218e0186d7858ac5233dce840/click-8.1.3-py3-none-any.whl", hash = "sha256:bb4d8133cb15a609f44e8213d9b391b0809795062913b383c62be0ee95b1db48"},
]
"colorama 0.4.6" = [
    {url = "https://files.pythonhosted.org/packages/d1/d6/3965ed04c63042e047cb6a3e6ed1a63a35087b6a609aa3a15ed8ac56c221/colorama-0.4.6-py2.py3-none-any.whl", hash = "sha256:4f1d9991f5acc0ca119f9d443620b77f9d6b33703e51011c16baf57afb285fc6"},
    {url = "https://files.pythonhosted.org/packages/d8/53/6f443c9a4a8358a93a6792e2acffb9d9d5cb0a5cfd8802644b7b1c9a02e4/colorama-0.4.6.tar.gz", hash = "sha256:08695f5cb7ed6e0531a20572697297273c47b8cae5a63ffc6d6ed5c201be6e44"},
]
"fastapi 0.89.1" = [
    {url = "https://files.pythonhosted.org/packages/09/b3/d259ee31dfe35e583a629f39b16047a9afe455694403bf51510981414721/fastapi-0.89.1.tar.gz", hash = "sha256:15d9271ee52b572a015ca2ae5c72e1ce4241dd8532a534ad4f7ec70c376a580f"},
    {url = "https://files.pythonhosted.org/packages/8f/89/adf4525d1870021b65ec562e83e9f46d96494ad95f238d0264ef1ab6b604/fastapi-0.89.1-py3-none-any.whl", hash = "sha256:f9773ea22290635b2f48b4275b2bf69a8fa721fda2e38228bed47139839dc877"},
]
"h11 0.14.0" = [
    {url = "https://files.pythonhosted.org/packages/95/04/ff642e65ad6b90db43e668d70ffb6736436c7ce41fcc549f4e9472234127/h11-0.14.0-py3-none-any.whl", hash = "sha256:e3fe4ac4b851c468cc8363d500db52c2ead036020723024a109d37346efaa761"},
    {url = "https://files.pythonhosted.org/packages/f5/38/3af3d3633a34a3316095b39c8e8fb4853a28a536e55d347bd8d8e9a14b03/h11-0.14.0.tar.gz", hash = "sha256:8f19fbbe99e72420ff35c00b27a34cb9937e902a8b810e2c88300c6f0a3b699d"},
]
"idna 3.4" = [
    {url = "https://files.pythonhosted.org/packages/8b/e1/43beb3d38dba6cb420cefa297822eac205a277ab43e5ba5d5c46faf96438/idna-3.4.tar.gz", hash = "sha256:814f528e8dead7d329833b91c5faa87d60bf71824cd12a7530b5526063d02cb4"},
    {url = "https://files.pythonhosted.org/packages/fc/34/3030de6f1370931b9dbb4dad48f6ab1015ab1d32447850b9fc94e60097be/idna-3.4-py3-none-any.whl", hash = "sha256:90b77e79eaa3eba6de819a0c442c0b4ceefc341a7a2ab77d7562bf49f425c5c2"},
]
"jmespath 1.0.1" = [
    {url = "https://files.pythonhosted.org/packages/00/2a/e867e8531cf3e36b41201936b7fa7ba7b5702dbef42922193f05c8976cd6/jmespath-1.0.1.tar.gz", hash = "sha256:90261b206d6defd58fdd5e85f478bf633a2901798906be2ad389150c5c60edbe"},
    {url = "https://files.pythonhosted.org/packages/31/b4/b9b800c45527aadd64d5b442f9b932b00648617eb5d63d2c7a6587b7cafc/jmespath-1.0.1-py3-none-any.whl", hash = "sha256:02e2e4cc71b5bcab88332eebf907519190dd9e6e82107fa7f83b1003a6252980"},
]
"pydantic 1.10.4" = [
    {url = "https://files.pythonhosted.org/packages/02/6b/c4b5773bcc216652cc6a040eb32697f99770cf9274d8ad254e621eb3fdd1/pydantic-1.10.4-cp37-cp37m-musllinux_1_1_i686.whl", hash = "sha256:a9f2de23bec87ff306aef658384b02aa7c32389766af3c5dee9ce33e80222dfa"},
    {url = "https://files.pythonhosted.org/packages/09/46/66c65d678e4c1b151c36bd61fd7ad9ebd1b48ecccc115d5dc77c1d7fe476/pydantic-1.10.4-cp311-cp311-musllinux_1_1_i686.whl", hash = "sha256:05a81b006be15655b2a1bae5faa4280cf7c81d0e09fcb49b342ebf826abe5a72"},
    {url = "https://files.pythonhosted.org/packages/12/74/797cf42ee7093e73f740224ee7f9d3faba6e5f674243078a51fc38ba7a78/pydantic-1.10.4-cp310-cp310-manylinux_2_17_x86_64.manylinux2014_x86_64.whl", hash = "sha256:51bdeb10d2db0f288e71d49c9cefa609bca271720ecd0c58009bd7504a0c464c"},
    {url = "https://files.pythonhosted.org/packages/17/70/139ae58f5fa5e9000c63d49e1b74a256a74abf4064d7e9b236adc3e21251/pydantic-1.10.4-cp310-cp310-macosx_11_0_arm64.whl", hash = "sha256:6dc1cc241440ed7ca9ab59d9929075445da6b7c94ced281b3dd4cfe6c8cff817"},
    {url = "https://files.pythonhosted.org/packages/2d/c7/d284a73934b79077ff48c6e64f93dcf570660931c90bafbdadc9867bf929/pydantic-1.10.4-cp37-cp37m-musllinux_1_1_x86_64.whl", hash = "sha256:cd8702c5142afda03dc2b1ee6bc358b62b3735b2cce53fc77b31ca9f728e4bc8"},
    {url = "https://files.pythonhosted.org/packages/35/b1/c574b4d47ba9565f5984cf406ce06764a07994b1608d89d53207a7f67c33/pydantic-1.10.4-cp38-cp38-musllinux_1_1_x86_64.whl", hash = "sha256:f2f7eb6273dd12472d7f218e1fef6f7c7c2f00ac2e1ecde4db8824c457300416"},
    {url = "https://files.pythonhosted.org/packages/36/78/1755a9fe87b0480775bce2e812049669adbe4b006787257d288806caa580/pydantic-1.10.4-cp39-cp39-manylinux_2_17_x86_64.manylinux2014_x86_64.whl", hash = "sha256:990406d226dea0e8f25f643b370224771878142155b879784ce89f633541a024"},
    {url = "https://files.pythonhosted.org/packages/49/0c/3cb9ddf7aba9a13c56585401ee7ea345ed583c2f848e783eec634c9726d3/pydantic-1.10.4-cp311-cp311-manylinux_2_5_i686.manylinux1_i686.manylinux_2_17_i686.manylinux2014_i686.whl", hash = "sha256:fdf8d759ef326962b4678d89e275ffc55b7ce59d917d9f72233762061fd04a2d"},
    {url = "https://files.pythonhosted.org/packages/49/90/ff3dd0265279a2f0607995dfcd77720f0130918cf11ee9449b106d99b942/pydantic-1.10.4-cp310-cp310-musllinux_1_1_x86_64.whl", hash = "sha256:572066051eeac73d23f95ba9a71349c42a3e05999d0ee1572b7860235b850cc6"},
    {url = "https://files.pythonhosted.org/packages/4a/52/79167d367d0765effd60faef145c54a213a5feab7a5c97055fa368f25031/pydantic-1.10.4-cp310-cp310-musllinux_1_1_i686.whl", hash = "sha256:8775d4ef5e7299a2f4699501077a0defdaac5b6c4321173bcb0f3c496fbadf85"},
    {url = "https://files.pythonhosted.org/packages/4e/26/38b8e36129e1f9e4d5e4481cee0cbc49b778ac103777c50cb2fca714afbe/pydantic-1.10.4-cp39-cp39-macosx_11_0_arm64.whl", hash = "sha256:eb992a1ef739cc7b543576337bebfc62c0e6567434e522e97291b251a41dad7f"},
    {url = "https://files.pythonhosted.org/packages/53/17/34e54e352f6a3d304044e52d5ddd5cd621a62ec8fb7af08cc73af65dd3e1/pydantic-1.10.4.tar.gz", hash = "sha256:b9a3859f24eb4e097502a3be1fb4b2abb79b6103dd9e2e0edb70613a4459a648"},
    {url = "https://files.pythonhosted.org/packages/54/7e/e111f6ff353af848d44bb4f40311c1ca7dfb284efbf8a41122a6091a0996/pydantic-1.10.4-cp311-cp311-musllinux_1_1_x86_64.whl", hash = "sha256:d88c4c0e5c5dfd05092a4b271282ef0588e5f4aaf345778056fc5259ba098857"},
    {url = "https://files.pythonhosted.org/packages/58/1b/0132040ef3e8ec0ce96142d4759bde9f16b52ab7eac5f2c1ce3a5b641f16/pydantic-1.10.4-py3-none-any.whl", hash = "sha256:4948f264678c703f3877d1c8877c4e3b2e12e549c57795107f08cf70c6ec7774"},
    {url = "https://files.pythonhosted.org/packages/5f/05/faa76cdd1d58066678b104a8bfa2b657144b1996773d655e2d5abb72bfeb/pydantic-1.10.4-cp310-cp310-win_amd64.whl", hash = "sha256:7feb6a2d401f4d6863050f58325b8d99c1e56f4512d98b11ac64ad1751dc647d"},
    {url = "https://files.pythonhosted.org/packages/67/f7/05de7f3998a365725ea26ed44ce242dfa4e7ddb4fd849fd36902ff0a6715/pydantic-1.10.4-cp37-cp37m-manylinux_2_5_i686.manylinux1_i686.manylinux_2_17_i686.manylinux2014_i686.whl", hash = "sha256:a48f1953c4a1d9bd0b5167ac50da9a79f6072c63c4cef4cf2a3736994903583e"},
    {url = "https://files.pythonhosted.org/packages/6b/85/c3c30a050f04668dccf4ce8df015242a7ccaea8dface44b342f173f68991/pydantic-1.10.4-cp39-cp39-musllinux_1_1_x86_64.whl", hash = "sha256:2b3ce5f16deb45c472dde1a0ee05619298c864a20cded09c4edd820e1454129f"},
    {url = "https://files.pythonhosted.org/packages/6e/00/7e25a76d3629999587ea4f30b0b15f52a14a43c811a80168900005500f9b/pydantic-1.10.4-cp39-cp39-manylinux_2_5_i686.manylinux1_i686.manylinux_2_17_i686.manylinux2014_i686.whl", hash = "sha256:2e82a6d37a95e0b1b42b82ab340ada3963aea1317fd7f888bb6b9dfbf4fff57c"},
    {url = "https://files.pythonhosted.org/packages/6f/6a/a3b9a51b886eeee570ddb32ae64a8d2fd00cd25cb1daaf82260188d2d1e4/pydantic-1.10.4-cp37-cp37m-manylinux_2_17_x86_64.manylinux2014_x86_64.whl", hash = "sha256:fdf88ab63c3ee282c76d652fc86518aacb737ff35796023fae56a65ced1a5978"},
    {url = "https://files.pythonhosted.org/packages/7a/9c/3a9db59d67755033edb1588e6d412806fe8023ac5bdbf87a9b8806205bd7/pydantic-1.10.4-cp37-cp37m-win_amd64.whl", hash = "sha256:6e7124d6855b2780611d9f5e1e145e86667eaa3bd9459192c8dc1a097f5e9903"},
    {url = "https://files.pythonhosted.org/packages/80/79/51583ea13a70715d497be473fc73596142d751dfae956a39b3a0196bc506/pydantic-1.10.4-cp38-cp38-musllinux_1_1_i686.whl", hash = "sha256:d7b5a3821225f5c43496c324b0d6875fde910a1c2933d726a743ce328fbb2a8c"},
    {url = "https://files.pythonhosted.org/packages/87/7e/aec14140cb0ee6b62b5777e9d28eea44813b4d590826ad518b7e197e1200/pydantic-1.10.4-cp311-cp311-macosx_11_0_arm64.whl", hash = "sha256:983e720704431a6573d626b00662eb78a07148c9115129f9b4351091ec95ecc3"},
    {url = "https://files.pythonhosted.org/packages/88/b4/123955cfb978fb9d2cfde7a92b588cffca5cb3772702a09e4ab5807574b1/pydantic-1.10.4-cp310-cp310-macosx_10_9_x86_64.whl", hash = "sha256:b5635de53e6686fe7a44b5cf25fcc419a0d5e5c1a1efe73d49d48fe7586db854"},
    {url = "https://files.pythonhosted.org/packages/8a/97/8f789eb4ab68abe9541f5765dc7f533dbc3d6c9c94cd70d1b01e21759cf9/pydantic-1.10.4-cp38-cp38-macosx_11_0_arm64.whl", hash = "sha256:55b1625899acd33229c4352ce0ae54038529b412bd51c4915349b49ca575258f"},
    {url = "https://files.pythonhosted.org/packages/9e/85/13eb8a5121d1d37826118ac8d88fe856229aad43396a3680307eaee8c73e/pydantic-1.10.4-cp310-cp310-manylinux_2_5_i686.manylinux1_i686.manylinux_2_17_i686.manylinux2014_i686.whl", hash = "sha256:78cec42b95dbb500a1f7120bdf95c401f6abb616bbe8785ef09887306792e66e"},
    {url = "https://files.pythonhosted.org/packages/ae/97/c9716e8060e3ed0bbd954258babe4c2f75092ca923972101d791230dcb7e/pydantic-1.10.4-cp39-cp39-musllinux_1_1_i686.whl", hash = "sha256:9193d4f4ee8feca58bc56c8306bcb820f5c7905fd919e0750acdeeeef0615b28"},
    {url = "https://files.pythonhosted.org/packages/ba/7f/47a90201dc4c11a514dfba59c689491d5018b83be21f682aa602c845c125/pydantic-1.10.4-cp39-cp39-macosx_10_9_x86_64.whl", hash = "sha256:a9a6747cac06c2beb466064dda999a13176b23535e4c496c9d48e6406f92d42d"},
    {url = "https://files.pythonhosted.org/packages/d1/1a/44c9e2fa8d94cfb1d73352205960798d991a1236aec09d15bf702874ac64/pydantic-1.10.4-cp311-cp311-manylinux_2_17_x86_64.manylinux2014_x86_64.whl", hash = "sha256:75d52162fe6b2b55964fbb0af2ee58e99791a3138588c482572bb6087953113a"},
    {url = "https://files.pythonhosted.org/packages/d3/ab/0626c660fa632920c0a2623a07700adacb01986bd22a089f2669596096cd/pydantic-1.10.4-cp38-cp38-macosx_10_9_x86_64.whl", hash = "sha256:0b53e1d41e97063d51a02821b80538053ee4608b9a181c1005441f1673c55423"},
    {url = "https://files.pythonhosted.org/packages/da/e9/82b5585bb1d8a01c6b597fe30ef078ca3939dbbd7c1f7f9a6501062889ec/pydantic-1.10.4-cp38-cp38-manylinux_2_5_i686.manylinux1_i686.manylinux_2_17_i686.manylinux2014_i686.whl", hash = "sha256:b6f9d649892a6f54a39ed56b8dfd5e08b5f3be5f893da430bed76975f3735d15"},
    {url = "https://files.pythonhosted.org/packages/db/2a/41d60a843328d91b12c6efd1a18b17606bd2ebe498647e75721a9317b433/pydantic-1.10.4-cp311-cp311-win_amd64.whl", hash = "sha256:6a05a9db1ef5be0fe63e988f9617ca2551013f55000289c671f71ec16f4985e3"},
    {url = "https://files.pythonhosted.org/packages/de/d4/dcb8e4bc7777e2e0d79381cc4c63cda50e83e355fa10d64082c216905377/pydantic-1.10.4-cp38-cp38-manylinux_2_17_x86_64.manylinux2014_x86_64.whl", hash = "sha256:301d626a59edbe5dfb48fcae245896379a450d04baeed50ef40d8199f2733b06"},
    {url = "https://files.pythonhosted.org/packages/df/8d/c52f913e533b2e71a94e7f22148b449abf328c46a5b4a1da4d0e7e9f659e/pydantic-1.10.4-cp37-cp37m-macosx_10_9_x86_64.whl", hash = "sha256:887ca463c3bc47103c123bc06919c86720e80e1214aab79e9b779cda0ff92a00"},
    {url = "https://files.pythonhosted.org/packages/ea/45/86ec3475f45f02858808643f38700788c64bfef0896566936dc33a78d4ba/pydantic-1.10.4-cp39-cp39-win_amd64.whl", hash = "sha256:9cbdc268a62d9a98c56e2452d6c41c0263d64a2009aac69246486f01b4f594c4"},
    {url = "https://files.pythonhosted.org/packages/ec/f2/c136265b246eb0411b293763e1b5e18a22de2d8d6a084e5c3d7b9e6e796e/pydantic-1.10.4-cp311-cp311-macosx_10_9_x86_64.whl", hash = "sha256:39f4a73e5342b25c2959529f07f026ef58147249f9b7431e1ba8414a36761f53"},
    {url = "https://files.pythonhosted.org/packages/f4/09/6efdaefc6e967f03af3ae3d5e63575036598eb0c740a43a69a77be054a5f/pydantic-1.10.4-cp38-cp38-win_amd64.whl", hash = "sha256:4b05697738e7d2040696b0a66d9f0a10bec0efa1883ca75ee9e55baf511909d6"},
]
"python-dateutil 2.8.2" = [
    {url = "https://files.pythonhosted.org/packages/36/7a/87837f39d0296e723bb9b62bbb257d0355c7f6128853c78955f57342a56d/python_dateutil-2.8.2-py2.py3-none-any.whl", hash = "sha256:961d03dc3453ebbc59dbdea9e4e11c5651520a876d0f4db161e8674aae935da9"},
    {url = "https://files.pythonhosted.org/packages/4c/c4/13b4776ea2d76c115c1d1b84579f3764ee6d57204f6be27119f13a61d0a9/python-dateutil-2.8.2.tar.gz", hash = "sha256:0123cacc1627ae19ddf3c27a5de5bd67ee4586fbdd6440d9748f8abb483d3e86"},
]
"python-dotenv 0.21.1" = [
    {url = "https://files.pythonhosted.org/packages/64/62/f19d1e9023aacb47241de3ab5a5d5fedf32c78a71a9e365bb2153378c141/python_dotenv-0.21.1-py3-none-any.whl", hash = "sha256:41e12e0318bebc859fcc4d97d4db8d20ad21721a6aa5047dd59f090391cb549a"},
    {url = "https://files.pythonhosted.org/packages/f5/d7/d548e0d5a68b328a8d69af833a861be415a17cb15ce3d8f0cd850073d2e1/python-dotenv-0.21.1.tar.gz", hash = "sha256:1c93de8f636cde3ce377292818d0e440b6e45a82f215c3744979151fa8151c49"},
]
"python-multipart 0.0.5" = [
    {url = "https://files.pythonhosted.org/packages/46/40/a933ac570bf7aad12a298fc53458115cc74053474a72fbb8201d7dc06d3d/python-multipart-0.0.5.tar.gz", hash = "sha256:f7bb5f611fc600d15fa47b3974c8aa16e93724513b49b5f95c81e6624c83fa43"},
]
"s3transfer 0.6.0" = [
    {url = "https://files.pythonhosted.org/packages/5e/c6/af903b5fab3f9b5b1e883f49a770066314c6dcceb589cf938d48c89556c1/s3transfer-0.6.0-py3-none-any.whl", hash = "sha256:06176b74f3a15f61f1b4f25a1fc29a4429040b7647133a463da8fa5bd28d5ecd"},
    {url = "https://files.pythonhosted.org/packages/e1/eb/e57c93d5cd5edf8c1d124c831ef916601540db70acd96fa21fe60cef1365/s3transfer-0.6.0.tar.gz", hash = "sha256:2ed07d3866f523cc561bf4a00fc5535827981b117dd7876f036b0c1aca42c947"},
]
"six 1.16.0" = [
    {url = "https://files.pythonhosted.org/packages/71/39/171f1c67cd00715f190ba0b100d606d440a28c93c7714febeca8b79af85e/six-1.16.0.tar.gz", hash = "sha256:1e61c37477a1626458e36f7b1d82aa5c9b094fa4802892072e49de9c60c4c926"},
    {url = "https://files.pythonhosted.org/packages/d9/5a/e7c31adbe875f2abbb91bd84cf2dc52d792b5a01506781dbcf25c91daf11/six-1.16.0-py2.py3-none-any.whl", hash = "sha256:8abb2f1d86890a2dfb989f9a77cfcfd3e47c2a354b01111771326f8aa26e0254"},
]
"sniffio 1.3.0" = [
    {url = "https://files.pythonhosted.org/packages/c3/a0/5dba8ed157b0136607c7f2151db695885606968d1fae123dc3391e0cfdbf/sniffio-1.3.0-py3-none-any.whl", hash = "sha256:eecefdce1e5bbfb7ad2eeaabf7c1eeb404d7757c379bd1f7e5cce9d8bf425384"},
    {url = "https://files.pythonhosted.org/packages/cd/50/d49c388cae4ec10e8109b1b833fd265511840706808576df3ada99ecb0ac/sniffio-1.3.0.tar.gz", hash = "sha256:e60305c5e5d314f5389259b7f22aaa33d8f7dee49763119234af3755c55b9101"},
]
"starlette 0.22.0" = [
    {url = "https://files.pythonhosted.org/packages/1d/4e/30eda84159d5b3ad7fe663c40c49b16dd17436abe838f10a56c34bee44e8/starlette-0.22.0-py3-none-any.whl", hash = "sha256:b5eda991ad5f0ee5d8ce4c4540202a573bb6691ecd0c712262d0bc85cf8f2c50"},
    {url = "https://files.pythonhosted.org/packages/f7/ff/64bd3362f80e81402f21e0f1ba55f8801cd899ad3f2a1bcc4a94d284c786/starlette-0.22.0.tar.gz", hash = "sha256:b092cbc365bea34dd6840b42861bdabb2f507f8671e642e8272d2442e08ea4ff"},
]
"typing-extensions 4.4.0" = [
    {url = "https://files.pythonhosted.org/packages/0b/8e/f1a0a5a76cfef77e1eb6004cb49e5f8d72634da638420b9ea492ce8305e8/typing_extensions-4.4.0-py3-none-any.whl", hash = "sha256:16fa4864408f655d35ec496218b85f79b3437c829e93320c7c9215ccfd92489e"},
    {url = "https://files.pythonhosted.org/packages/e3/a7/8f4e456ef0adac43f452efc2d0e4b242ab831297f1bac60ac815d37eb9cf/typing_extensions-4.4.0.tar.gz", hash = "sha256:1511434bb92bf8dd198c12b1cc812e800d4181cfcb867674e0f8279cc93087aa"},
]
"urllib3 1.26.14" = [
    {url = "https://files.pythonhosted.org/packages/c5/52/fe421fb7364aa738b3506a2d99e4f3a56e079c0a798e9f4fa5e14c60922f/urllib3-1.26.14.tar.gz", hash = "sha256:076907bf8fd355cde77728471316625a4d2f7e713c125f51953bb5b3eecf4f72"},
    {url = "https://files.pythonhosted.org/packages/fe/ca/466766e20b767ddb9b951202542310cba37ea5f2d792dae7589f1741af58/urllib3-1.26.14-py2.py3-none-any.whl", hash = "sha256:75edcdc2f7d85b137124a6c3c9fc3933cdeaa12ecb9a6a959f22797a0feca7e1"},
]
"uvicorn 0.20.0" = [
    {url = "https://files.pythonhosted.org/packages/95/3c/9f4650ff609370456f796bb96a355dcddef1ded67e05d1b4eb3481088329/uvicorn-0.20.0.tar.gz", hash = "sha256:a4e12017b940247f836bc90b72e725d7dfd0c8ed1c51eb365f5ba30d9f5127d8"},
    {url = "https://files.pythonhosted.org/packages/96/f3/f39ac8ac3bdf356b4934b8f7e56173e96681f67ef0cd92bd33a5059fae9e/uvicorn-0.20.0-py3-none-any.whl", hash = "sha256:c3ed1598a5668208723f2bb49336f4509424ad198d6ab2615b7783db58d919fd"},
]
